# THIS IS AN AUTOGENERATED FILE. DO NOT EDIT THIS FILE DIRECTLY.
# yarn lockfile v1


eventemitter3@3.1.0:
  version "3.1.0"
  resolved "https://repo.dev.wixpress.com/artifactory/api/npm/npm-repos/eventemitter3/-/eventemitter3-3.1.0.tgz#090b4d6cdbd645ed10bf750d4b5407942d7ba163"
  integrity sha1-CQtNbNvWRe0Qv3UNS1QHlC17oWM=

hls.js@>=0.12.4:
  version "0.12.4"
  resolved "https://repo.dev.wixpress.com/artifactory/api/npm/npm-repos/hls.js/-/hls.js-0.12.4.tgz#c155b7b2825a11117c111b781973c0ffa759006b"
  integrity sha1-wVW3soJaERF8ERt4GXPA/6dZAGs=
  dependencies:
    eventemitter3 "3.1.0"
    url-toolkit "^2.1.6"

hls.js@^0.10.1:
  version "0.10.1"
  resolved "https://repo.dev.wixpress.com/artifactory/api/npm/npm-repos/hls.js/-/hls.js-0.10.1.tgz#2675245be1ba83aa023b11b5f5432af62be63330"
  integrity sha1-JnUkW+G6g6oCOxG19UMq9ivmMzA=
  dependencies:
    string.prototype.endswith "^0.2.0"
    url-toolkit "^2.1.2"

"package-aasdkjasdkasjdlaksdjaklsdjaskld@file:package-aasdkjasdkasjdlaksdjaklsdjaskld":
  version "1.0.0"
  dependencies:
    hls.js ">=0.12.4"

"package-asofopiaoasd@file:package-asofopiaoasd":
  version "1.0.0"
  dependencies:
    hls.js "^0.10.1"

string.prototype.endswith@^0.2.0:
  version "0.2.0"
  resolved "https://repo.dev.wixpress.com/artifactory/api/npm/npm-repos/string.prototype.endswith/-/string.prototype.endswith-0.2.0.tgz#a19c20dee51a98777e9a47e10f09be393b9bba75"
  integrity sha1-oZwg3uUamHd+mkfhDwm+OTubunU=

url-toolkit@^2.1.2, url-toolkit@^2.1.6:
  version "2.1.6"
  resolved "https://repo.dev.wixpress.com/artifactory/api/npm/npm-repos/url-toolkit/-/url-toolkit-2.1.6.tgz#6d03246499e519aad224c44044a4ae20544154f2"
  integrity sha1-bQMkZJnlGarSJMRARKSuIFRBVPI=
