{
  "name": "package-asofopiaoasd",
  "version": "1.0.0",
  "lockfileVersion": 1,
  "requires": true,
  "dependencies": {
    "hls.js": {
      "version": "0.10.1",
      "resolved": "https://registry.npmjs.org/hls.js/-/hls.js-0.10.1.tgz",
      "integrity": "sha512-3459s1YvJB9QzBZi/wE2zGTkFUl903tF4GA43D6C1MytgReQVGwJMWi7j3KfyzXvVUzsmZaf4bS7OwFUPTmhsw==",
      "requires": {
        "string.prototype.endswith": "^0.2.0",
        "url-toolkit": "^2.1.2"
      }
    },
    "string.prototype.endswith": {
      "version": "0.2.0",
      "resolved": "https://registry.npmjs.org/string.prototype.endswith/-/string.prototype.endswith-0.2.0.tgz",
      "integrity": "sha1-oZwg3uUamHd+mkfhDwm+OTubunU="
    },
    "url-toolkit": {
      "version": "2.1.6",
      "resolved": "https://registry.npmjs.org/url-toolkit/-/url-toolkit-2.1.6.tgz",
      "integrity": "sha512-UaZ2+50am4HwrV2crR/JAf63Q4VvPYphe63WGeoJxeu8gmOm0qxPt+KsukfakPNrX9aymGNEkkaoICwn+OuvBw=="
    }
  }
}
